
Microsoft Visual Studio Solution File, Format Version 12.00
# Visual Studio Version 17
VisualStudioVersion = 17.14.36429.23
MinimumVisualStudioVersion = 10.0.40219.1
Project("{2150E333-8FDC-42A3-9474-1A3956D46DE8}") = "Task0", "Task0", "{02EA681E-C7D8-13C7-8484-4AC65E1B71E8}"
EndProject
Project("{FAE04EC0-301F-11D3-BF4B-00C04F79EFBC}") = "Tyuiu.MakarovAY.Sprint4.Task0.V18", "Tyuiu.MakarovAY.Sprint4.Task0.V18\Tyuiu.MakarovAY.Sprint4.Task0.V18.csproj", "{8B33BFE7-D379-4B5E-9758-22F9837C34DA}"
EndProject
Project("{FAE04EC0-301F-11D3-BF4B-00C04F79EFBC}") = "Tyuiu.MakarovAY.Sprint4.Task0.V18.Lib", "Tyuiu.MakarovAY.Sprint4.Task0.V18.Lib\Tyuiu.MakarovAY.Sprint4.Task0.V18.Lib.csproj", "{F758FC0C-3491-48F3-9A49-40E2165143FF}"
EndProject
Project("{FAE04EC0-301F-11D3-BF4B-00C04F79EFBC}") = "Tyuiu.MakarovAY.Sprint4.Task0.V18.Test", "Tyuiu.MakarovAY.Sprint4.Task0.V18.Test\Tyuiu.MakarovAY.Sprint4.Task0.V18.Test.csproj", "{9C6B1D50-97EC-40ED-843D-2B2A4ACAA81C}"
EndProject
Project("{2150E333-8FDC-42A3-9474-1A3956D46DE8}") = "Task1", "Task1", "{B67698BC-5882-4BCA-87A4-8025963E002C}"
EndProject
Project("{FAE04EC0-301F-11D3-BF4B-00C04F79EFBC}") = "Tyuiu.MakarovAY.Sprint4.Task1.V23", "Tyuiu.MakarovAY.Sprint4.Task1.V23\Tyuiu.MakarovAY.Sprint4.Task1.V23.csproj", "{A576E7E5-C411-4555-82C7-1994051A84D8}"
EndProject
Project("{FAE04EC0-301F-11D3-BF4B-00C04F79EFBC}") = "Tyuiu.MakarovAY.Sprint4.Task1.V23.Lib", "Tyuiu.MakarovAY.Sprint4.Task1.V23.Lib\Tyuiu.MakarovAY.Sprint4.Task1.V23.Lib.csproj", "{D78EFB8C-78E7-4613-A0AC-5DF940D4AFBB}"
EndProject
Project("{FAE04EC0-301F-11D3-BF4B-00C04F79EFBC}") = "Tyuiu.MakarovAY.Sprint4.Task1.V23.Test", "Tyuiu.MakarovAY.Sprint4.Task1.V23.Test\Tyuiu.MakarovAY.Sprint4.Task1.V23.Test.csproj", "{92ED36B1-0A68-45F6-9723-E4C192C31061}"
EndProject
Global
	GlobalSection(SolutionConfigurationPlatforms) = preSolution
		Debug|Any CPU = Debug|Any CPU
		Release|Any CPU = Release|Any CPU
	EndGlobalSection
	GlobalSection(ProjectConfigurationPlatforms) = postSolution
		{8B33BFE7-D379-4B5E-9758-22F9837C34DA}.Debug|Any CPU.ActiveCfg = Debug|Any CPU
		{8B33BFE7-D379-4B5E-9758-22F9837C34DA}.Debug|Any CPU.Build.0 = Debug|Any CPU
		{8B33BFE7-D379-4B5E-9758-22F9837C34DA}.Release|Any CPU.ActiveCfg = Release|Any CPU
		{8B33BFE7-D379-4B5E-9758-22F9837C34DA}.Release|Any CPU.Build.0 = Release|Any CPU
		{F758FC0C-3491-48F3-9A49-40E2165143FF}.Debug|Any CPU.ActiveCfg = Debug|Any CPU
		{F758FC0C-3491-48F3-9A49-40E2165143FF}.Debug|Any CPU.Build.0 = Debug|Any CPU
		{F758FC0C-3491-48F3-9A49-40E2165143FF}.Release|Any CPU.ActiveCfg = Release|Any CPU
		{F758FC0C-3491-48F3-9A49-40E2165143FF}.Release|Any CPU.Build.0 = Release|Any CPU
		{9C6B1D50-97EC-40ED-843D-2B2A4ACAA81C}.Debug|Any CPU.ActiveCfg = Debug|Any CPU
		{9C6B1D50-97EC-40ED-843D-2B2A4ACAA81C}.Debug|Any CPU.Build.0 = Debug|Any CPU
		{9C6B1D50-97EC-40ED-843D-2B2A4ACAA81C}.Release|Any CPU.ActiveCfg = Release|Any CPU
		{9C6B1D50-97EC-40ED-843D-2B2A4ACAA81C}.Release|Any CPU.Build.0 = Release|Any CPU
		{A576E7E5-C411-4555-82C7-1994051A84D8}.Debug|Any CPU.ActiveCfg = Debug|Any CPU
		{A576E7E5-C411-4555-82C7-1994051A84D8}.Debug|Any CPU.Build.0 = Debug|Any CPU
		{A576E7E5-C411-4555-82C7-1994051A84D8}.Release|Any CPU.ActiveCfg = Release|Any CPU
		{A576E7E5-C411-4555-82C7-1994051A84D8}.Release|Any CPU.Build.0 = Release|Any CPU
		{D78EFB8C-78E7-4613-A0AC-5DF940D4AFBB}.Debug|Any CPU.ActiveCfg = Debug|Any CPU
		{D78EFB8C-78E7-4613-A0AC-5DF940D4AFBB}.Debug|Any CPU.Build.0 = Debug|Any CPU
		{D78EFB8C-78E7-4613-A0AC-5DF940D4AFBB}.Release|Any CPU.ActiveCfg = Release|Any CPU
		{D78EFB8C-78E7-4613-A0AC-5DF940D4AFBB}.Release|Any CPU.Build.0 = Release|Any CPU
		{92ED36B1-0A68-45F6-9723-E4C192C31061}.Debug|Any CPU.ActiveCfg = Debug|Any CPU
		{92ED36B1-0A68-45F6-9723-E4C192C31061}.Debug|Any CPU.Build.0 = Debug|Any CPU
		{92ED36B1-0A68-45F6-9723-E4C192C31061}.Release|Any CPU.ActiveCfg = Release|Any CPU
		{92ED36B1-0A68-45F6-9723-E4C192C31061}.Release|Any CPU.Build.0 = Release|Any CPU
	EndGlobalSection
	GlobalSection(SolutionProperties) = preSolution
		HideSolutionNode = FALSE
	EndGlobalSection
	GlobalSection(NestedProjects) = preSolution
		{8B33BFE7-D379-4B5E-9758-22F9837C34DA} = {02EA681E-C7D8-13C7-8484-4AC65E1B71E8}
		{F758FC0C-3491-48F3-9A49-40E2165143FF} = {02EA681E-C7D8-13C7-8484-4AC65E1B71E8}
		{9C6B1D50-97EC-40ED-843D-2B2A4ACAA81C} = {02EA681E-C7D8-13C7-8484-4AC65E1B71E8}
		{A576E7E5-C411-4555-82C7-1994051A84D8} = {B67698BC-5882-4BCA-87A4-8025963E002C}
		{D78EFB8C-78E7-4613-A0AC-5DF940D4AFBB} = {B67698BC-5882-4BCA-87A4-8025963E002C}
		{92ED36B1-0A68-45F6-9723-E4C192C31061} = {B67698BC-5882-4BCA-87A4-8025963E002C}
	EndGlobalSection
	GlobalSection(ExtensibilityGlobals) = postSolution
		SolutionGuid = {2D35D09D-9551-4139-A7C5-91FC9104F9BB}
	EndGlobalSection
EndGlobal
