
Microsoft Visual Studio Solution File, Format Version 12.00
# Visual Studio Version 17
VisualStudioVersion = 17.14.36429.23
MinimumVisualStudioVersion = 10.0.40219.1
Project("{2150E333-8FDC-42A3-9474-1A3956D46DE8}") = "Task0", "Task0", "{02EA681E-C7D8-13C7-8484-4AC65E1B71E8}"
EndProject
Project("{FAE04EC0-301F-11D3-BF4B-00C04F79EFBC}") = "Tyuiu.MakarovAY.Sprint4.Task0.V18", "Tyuiu.MakarovAY.Sprint4.Task0.V18\Tyuiu.MakarovAY.Sprint4.Task0.V18.csproj", "{8B33BFE7-D379-4B5E-9758-22F9837C34DA}"
EndProject
Project("{FAE04EC0-301F-11D3-BF4B-00C04F79EFBC}") = "Tyuiu.MakarovAY.Sprint4.Task0.V18.Lib", "Tyuiu.MakarovAY.Sprint4.Task0.V18.Lib\Tyuiu.MakarovAY.Sprint4.Task0.V18.Lib.csproj", "{F758FC0C-3491-48F3-9A49-40E2165143FF}"
EndProject
Project("{FAE04EC0-301F-11D3-BF4B-00C04F79EFBC}") = "Tyuiu.MakarovAY.Sprint4.Task0.V18.Test", "Tyuiu.MakarovAY.Sprint4.Task0.V18.Test\Tyuiu.MakarovAY.Sprint4.Task0.V18.Test.csproj", "{9C6B1D50-97EC-40ED-843D-2B2A4ACAA81C}"
EndProject
Project("{2150E333-8FDC-42A3-9474-1A3956D46DE8}") = "Task1", "Task1", "{B67698BC-5882-4BCA-87A4-8025963E002C}"
EndProject
Project("{FAE04EC0-301F-11D3-BF4B-00C04F79EFBC}") = "Tyuiu.MakarovAY.Sprint4.Task1.V23", "Tyuiu.MakarovAY.Sprint4.Task1.V23\Tyuiu.MakarovAY.Sprint4.Task1.V23.csproj", "{A576E7E5-C411-4555-82C7-1994051A84D8}"
EndProject
Project("{FAE04EC0-301F-11D3-BF4B-00C04F79EFBC}") = "Tyuiu.MakarovAY.Sprint4.Task1.V23.Lib", "Tyuiu.MakarovAY.Sprint4.Task1.V23.Lib\Tyuiu.MakarovAY.Sprint4.Task1.V23.Lib.csproj", "{D78EFB8C-78E7-4613-A0AC-5DF940D4AFBB}"
EndProject
Project("{FAE04EC0-301F-11D3-BF4B-00C04F79EFBC}") = "Tyuiu.MakarovAY.Sprint4.Task1.V23.Test", "Tyuiu.MakarovAY.Sprint4.Task1.V23.Test\Tyuiu.MakarovAY.Sprint4.Task1.V23.Test.csproj", "{92ED36B1-0A68-45F6-9723-E4C192C31061}"
EndProject
Project("{2150E333-8FDC-42A3-9474-1A3956D46DE8}") = "Task2", "Task2", "{218F0917-6208-4F6A-B47D-22680AEA84A5}"
EndProject
Project("{FAE04EC0-301F-11D3-BF4B-00C04F79EFBC}") = "Tyuiu.MakarovAY.Sprint4.Task2.V6", "Tyuiu.MakarovAY.Sprint4.Task2.V6\Tyuiu.MakarovAY.Sprint4.Task2.V6.csproj", "{4A8A45D8-FF09-4489-BA60-76F0661E0AE2}"
EndProject
Project("{FAE04EC0-301F-11D3-BF4B-00C04F79EFBC}") = "Tyuiu.MakarovAY.Sprint4.Task2.V6.Lib", "Tyuiu.MakarovAY.Sprint4.Task2.V6.Lib\Tyuiu.MakarovAY.Sprint4.Task2.V6.Lib.csproj", "{0DEECB09-BA85-4EFC-B841-403B654E07C8}"
EndProject
Project("{FAE04EC0-301F-11D3-BF4B-00C04F79EFBC}") = "Tyuiu.MakarovAY.Sprint4.Task2.V6.Test", "Tyuiu.MakarovAY.Sprint4.Task2.V6.Test\Tyuiu.MakarovAY.Sprint4.Task2.V6.Test.csproj", "{D48AA46A-8FBD-4CD4-B9C2-C03B3915E5B9}"
EndProject
Project("{2150E333-8FDC-42A3-9474-1A3956D46DE8}") = "Task3", "Task3", "{F0BF31BF-47DD-4088-B305-2542CACD25E9}"
EndProject
Project("{FAE04EC0-301F-11D3-BF4B-00C04F79EFBC}") = "Tyuiu.MakarovAY.Sprint4.Task3.V15", "Tyuiu.MakarovAY.Sprint4.Task3.V15\Tyuiu.MakarovAY.Sprint4.Task3.V15.csproj", "{3C630195-A4DE-4AFA-984E-F5918469BC9C}"
EndProject
Project("{FAE04EC0-301F-11D3-BF4B-00C04F79EFBC}") = "Tyuiu.MakarovAY.Sprint4.Task3.V15.Lib", "Tyuiu.MakarovAY.Sprint4.Task3.V15.Lib\Tyuiu.MakarovAY.Sprint4.Task3.V15.Lib.csproj", "{D15B6891-9B48-48DE-BA62-89C1415ECB14}"
EndProject
Project("{FAE04EC0-301F-11D3-BF4B-00C04F79EFBC}") = "Tyuiu.MakarovAY.Sprint4.Task3.V15.Test", "Tyuiu.MakarovAY.Sprint4.Task3.V15.Test\Tyuiu.MakarovAY.Sprint4.Task3.V15.Test.csproj", "{3D1CC055-1F20-41A4-AA77-692F97051536}"
EndProject
Project("{2150E333-8FDC-42A3-9474-1A3956D46DE8}") = "Task4", "Task4", "{20576D1E-3F76-434C-93C1-4AFDE55C89BA}"
EndProject
Project("{FAE04EC0-301F-11D3-BF4B-00C04F79EFBC}") = "Tyuiu.MakarovAY.Sprint4.Task4.V14", "Tyuiu.MakarovAY.Sprint4.Task4.V14\Tyuiu.MakarovAY.Sprint4.Task4.V14.csproj", "{FCA39038-0746-4AAC-AA60-7DAF762D0F41}"
EndProject
Project("{FAE04EC0-301F-11D3-BF4B-00C04F79EFBC}") = "Tyuiu.MakarovAY.Sprint4.Task4.V14.Lib", "Tyuiu.MakarovAY.Sprint4.Task4.V14.Lib\Tyuiu.MakarovAY.Sprint4.Task4.V14.Lib.csproj", "{C2199F33-9932-4787-BC33-10210DE1DF4E}"
EndProject
Project("{FAE04EC0-301F-11D3-BF4B-00C04F79EFBC}") = "Tyuiu.MakarovAY.Sprint4.Task4.V14.Test", "Tyuiu.MakarovAY.Sprint4.Task4.V14.Test\Tyuiu.MakarovAY.Sprint4.Task4.V14.Test.csproj", "{2CE67F37-47FE-4DE9-8847-4D4AAF40AD83}"
EndProject
Global
	GlobalSection(SolutionConfigurationPlatforms) = preSolution
		Debug|Any CPU = Debug|Any CPU
		Release|Any CPU = Release|Any CPU
	EndGlobalSection
	GlobalSection(ProjectConfigurationPlatforms) = postSolution
		{8B33BFE7-D379-4B5E-9758-22F9837C34DA}.Debug|Any CPU.ActiveCfg = Debug|Any CPU
		{8B33BFE7-D379-4B5E-9758-22F9837C34DA}.Debug|Any CPU.Build.0 = Debug|Any CPU
		{8B33BFE7-D379-4B5E-9758-22F9837C34DA}.Release|Any CPU.ActiveCfg = Release|Any CPU
		{8B33BFE7-D379-4B5E-9758-22F9837C34DA}.Release|Any CPU.Build.0 = Release|Any CPU
		{F758FC0C-3491-48F3-9A49-40E2165143FF}.Debug|Any CPU.ActiveCfg = Debug|Any CPU
		{F758FC0C-3491-48F3-9A49-40E2165143FF}.Debug|Any CPU.Build.0 = Debug|Any CPU
		{F758FC0C-3491-48F3-9A49-40E2165143FF}.Release|Any CPU.ActiveCfg = Release|Any CPU
		{F758FC0C-3491-48F3-9A49-40E2165143FF}.Release|Any CPU.Build.0 = Release|Any CPU
		{9C6B1D50-97EC-40ED-843D-2B2A4ACAA81C}.Debug|Any CPU.ActiveCfg = Debug|Any CPU
		{9C6B1D50-97EC-40ED-843D-2B2A4ACAA81C}.Debug|Any CPU.Build.0 = Debug|Any CPU
		{9C6B1D50-97EC-40ED-843D-2B2A4ACAA81C}.Release|Any CPU.ActiveCfg = Release|Any CPU
		{9C6B1D50-97EC-40ED-843D-2B2A4ACAA81C}.Release|Any CPU.Build.0 = Release|Any CPU
		{A576E7E5-C411-4555-82C7-1994051A84D8}.Debug|Any CPU.ActiveCfg = Debug|Any CPU
		{A576E7E5-C411-4555-82C7-1994051A84D8}.Debug|Any CPU.Build.0 = Debug|Any CPU
		{A576E7E5-C411-4555-82C7-1994051A84D8}.Release|Any CPU.ActiveCfg = Release|Any CPU
		{A576E7E5-C411-4555-82C7-1994051A84D8}.Release|Any CPU.Build.0 = Release|Any CPU
		{D78EFB8C-78E7-4613-A0AC-5DF940D4AFBB}.Debug|Any CPU.ActiveCfg = Debug|Any CPU
		{D78EFB8C-78E7-4613-A0AC-5DF940D4AFBB}.Debug|Any CPU.Build.0 = Debug|Any CPU
		{D78EFB8C-78E7-4613-A0AC-5DF940D4AFBB}.Release|Any CPU.ActiveCfg = Release|Any CPU
		{D78EFB8C-78E7-4613-A0AC-5DF940D4AFBB}.Release|Any CPU.Build.0 = Release|Any CPU
		{92ED36B1-0A68-45F6-9723-E4C192C31061}.Debug|Any CPU.ActiveCfg = Debug|Any CPU
		{92ED36B1-0A68-45F6-9723-E4C192C31061}.Debug|Any CPU.Build.0 = Debug|Any CPU
		{92ED36B1-0A68-45F6-9723-E4C192C31061}.Release|Any CPU.ActiveCfg = Release|Any CPU
		{92ED36B1-0A68-45F6-9723-E4C192C31061}.Release|Any CPU.Build.0 = Release|Any CPU
		{4A8A45D8-FF09-4489-BA60-76F0661E0AE2}.Debug|Any CPU.ActiveCfg = Debug|Any CPU
		{4A8A45D8-FF09-4489-BA60-76F0661E0AE2}.Debug|Any CPU.Build.0 = Debug|Any CPU
		{4A8A45D8-FF09-4489-BA60-76F0661E0AE2}.Release|Any CPU.ActiveCfg = Release|Any CPU
		{4A8A45D8-FF09-4489-BA60-76F0661E0AE2}.Release|Any CPU.Build.0 = Release|Any CPU
		{0DEECB09-BA85-4EFC-B841-403B654E07C8}.Debug|Any CPU.ActiveCfg = Debug|Any CPU
		{0DEECB09-BA85-4EFC-B841-403B654E07C8}.Debug|Any CPU.Build.0 = Debug|Any CPU
		{0DEECB09-BA85-4EFC-B841-403B654E07C8}.Release|Any CPU.ActiveCfg = Release|Any CPU
		{0DEECB09-BA85-4EFC-B841-403B654E07C8}.Release|Any CPU.Build.0 = Release|Any CPU
		{D48AA46A-8FBD-4CD4-B9C2-C03B3915E5B9}.Debug|Any CPU.ActiveCfg = Debug|Any CPU
		{D48AA46A-8FBD-4CD4-B9C2-C03B3915E5B9}.Debug|Any CPU.Build.0 = Debug|Any CPU
		{D48AA46A-8FBD-4CD4-B9C2-C03B3915E5B9}.Release|Any CPU.ActiveCfg = Release|Any CPU
		{D48AA46A-8FBD-4CD4-B9C2-C03B3915E5B9}.Release|Any CPU.Build.0 = Release|Any CPU
		{3C630195-A4DE-4AFA-984E-F5918469BC9C}.Debug|Any CPU.ActiveCfg = Debug|Any CPU
		{3C630195-A4DE-4AFA-984E-F5918469BC9C}.Debug|Any CPU.Build.0 = Debug|Any CPU
		{3C630195-A4DE-4AFA-984E-F5918469BC9C}.Release|Any CPU.ActiveCfg = Release|Any CPU
		{3C630195-A4DE-4AFA-984E-F5918469BC9C}.Release|Any CPU.Build.0 = Release|Any CPU
		{D15B6891-9B48-48DE-BA62-89C1415ECB14}.Debug|Any CPU.ActiveCfg = Debug|Any CPU
		{D15B6891-9B48-48DE-BA62-89C1415ECB14}.Debug|Any CPU.Build.0 = Debug|Any CPU
		{D15B6891-9B48-48DE-BA62-89C1415ECB14}.Release|Any CPU.ActiveCfg = Release|Any CPU
		{D15B6891-9B48-48DE-BA62-89C1415ECB14}.Release|Any CPU.Build.0 = Release|Any CPU
		{3D1CC055-1F20-41A4-AA77-692F97051536}.Debug|Any CPU.ActiveCfg = Debug|Any CPU
		{3D1CC055-1F20-41A4-AA77-692F97051536}.Debug|Any CPU.Build.0 = Debug|Any CPU
		{3D1CC055-1F20-41A4-AA77-692F97051536}.Release|Any CPU.ActiveCfg = Release|Any CPU
		{3D1CC055-1F20-41A4-AA77-692F97051536}.Release|Any CPU.Build.0 = Release|Any CPU
		{FCA39038-0746-4AAC-AA60-7DAF762D0F41}.Debug|Any CPU.ActiveCfg = Debug|Any CPU
		{FCA39038-0746-4AAC-AA60-7DAF762D0F41}.Debug|Any CPU.Build.0 = Debug|Any CPU
		{FCA39038-0746-4AAC-AA60-7DAF762D0F41}.Release|Any CPU.ActiveCfg = Release|Any CPU
		{FCA39038-0746-4AAC-AA60-7DAF762D0F41}.Release|Any CPU.Build.0 = Release|Any CPU
		{C2199F33-9932-4787-BC33-10210DE1DF4E}.Debug|Any CPU.ActiveCfg = Debug|Any CPU
		{C2199F33-9932-4787-BC33-10210DE1DF4E}.Debug|Any CPU.Build.0 = Debug|Any CPU
		{C2199F33-9932-4787-BC33-10210DE1DF4E}.Release|Any CPU.ActiveCfg = Release|Any CPU
		{C2199F33-9932-4787-BC33-10210DE1DF4E}.Release|Any CPU.Build.0 = Release|Any CPU
		{2CE67F37-47FE-4DE9-8847-4D4AAF40AD83}.Debug|Any CPU.ActiveCfg = Debug|Any CPU
		{2CE67F37-47FE-4DE9-8847-4D4AAF40AD83}.Debug|Any CPU.Build.0 = Debug|Any CPU
		{2CE67F37-47FE-4DE9-8847-4D4AAF40AD83}.Release|Any CPU.ActiveCfg = Release|Any CPU
		{2CE67F37-47FE-4DE9-8847-4D4AAF40AD83}.Release|Any CPU.Build.0 = Release|Any CPU
	EndGlobalSection
	GlobalSection(SolutionProperties) = preSolution
		HideSolutionNode = FALSE
	EndGlobalSection
	GlobalSection(NestedProjects) = preSolution
		{8B33BFE7-D379-4B5E-9758-22F9837C34DA} = {02EA681E-C7D8-13C7-8484-4AC65E1B71E8}
		{F758FC0C-3491-48F3-9A49-40E2165143FF} = {02EA681E-C7D8-13C7-8484-4AC65E1B71E8}
		{9C6B1D50-97EC-40ED-843D-2B2A4ACAA81C} = {02EA681E-C7D8-13C7-8484-4AC65E1B71E8}
		{A576E7E5-C411-4555-82C7-1994051A84D8} = {B67698BC-5882-4BCA-87A4-8025963E002C}
		{D78EFB8C-78E7-4613-A0AC-5DF940D4AFBB} = {B67698BC-5882-4BCA-87A4-8025963E002C}
		{92ED36B1-0A68-45F6-9723-E4C192C31061} = {B67698BC-5882-4BCA-87A4-8025963E002C}
		{4A8A45D8-FF09-4489-BA60-76F0661E0AE2} = {218F0917-6208-4F6A-B47D-22680AEA84A5}
		{0DEECB09-BA85-4EFC-B841-403B654E07C8} = {218F0917-6208-4F6A-B47D-22680AEA84A5}
		{D48AA46A-8FBD-4CD4-B9C2-C03B3915E5B9} = {218F0917-6208-4F6A-B47D-22680AEA84A5}
		{3C630195-A4DE-4AFA-984E-F5918469BC9C} = {F0BF31BF-47DD-4088-B305-2542CACD25E9}
		{D15B6891-9B48-48DE-BA62-89C1415ECB14} = {F0BF31BF-47DD-4088-B305-2542CACD25E9}
		{3D1CC055-1F20-41A4-AA77-692F97051536} = {F0BF31BF-47DD-4088-B305-2542CACD25E9}
		{FCA39038-0746-4AAC-AA60-7DAF762D0F41} = {20576D1E-3F76-434C-93C1-4AFDE55C89BA}
		{C2199F33-9932-4787-BC33-10210DE1DF4E} = {20576D1E-3F76-434C-93C1-4AFDE55C89BA}
		{2CE67F37-47FE-4DE9-8847-4D4AAF40AD83} = {20576D1E-3F76-434C-93C1-4AFDE55C89BA}
	EndGlobalSection
	GlobalSection(ExtensibilityGlobals) = postSolution
		SolutionGuid = {2D35D09D-9551-4139-A7C5-91FC9104F9BB}
	EndGlobalSection
EndGlobal
